
Microsoft Visual Studio Solution File, Format Version 12.00
# Visual Studio Version 17
VisualStudioVersion = 17.3.32929.385
MinimumVisualStudioVersion = 10.0.40219.1
Project("{2150E333-8FDC-42A3-9474-1A3956D46DE8}") = "Creational", "Creational", "{23450D02-1B92-41F9-A215-752D61C4160B}"
EndProject
Project("{2150E333-8FDC-42A3-9474-1A3956D46DE8}") = "Abstract Factory", "Abstract Factory", "{6F3933D9-9960-49E1-8FBE-207716099129}"
EndProject
Project("{9A19103F-16F7-4668-BE54-9A1E7A4F7556}") = "Structural Code", "InformaticsDesignPatternsGoF\Creational\Abstract Factory\Structural Code\Structural Code.csproj", "{0A447AF0-7180-4969-ADFE-8A6752D3CA71}"
EndProject
Project("{9A19103F-16F7-4668-BE54-9A1E7A4F7556}") = "Animal World", "InformaticsDesignPatternsGoF\Creational\Abstract Factory\Animal World\Animal World.csproj", "{AB183964-E8DF-4E20-917F-260B6EA74311}"
EndProject
Project("{9A19103F-16F7-4668-BE54-9A1E7A4F7556}") = "Furniture", "InformaticsDesignPatternsGoF\Creational\Abstract Factory\Furniture\Furniture.csproj", "{F29EFF45-E76E-49C5-8418-A394260D5FB6}"
EndProject
Project("{9A19103F-16F7-4668-BE54-9A1E7A4F7556}") = "Recipes", "InformaticsDesignPatternsGoF\Creational\Abstract Factory\Recipes\Recipes.csproj", "{A46F0DF1-7960-4A95-8CA2-70A310E28D1A}"
EndProject
Project("{9A19103F-16F7-4668-BE54-9A1E7A4F7556}") = "EraStyles", "InformaticsDesignPatternsGoF\Creational\Abstract Factory\EraStyles\EraStyles.csproj", "{8A897270-3852-4224-9795-29E8D5CF91A7}"
EndProject
Project("{2150E333-8FDC-42A3-9474-1A3956D46DE8}") = "Factory", "Factory", "{1B09E287-ACD2-47CA-AD52-79A9CC379DDA}"
EndProject
Project("{9A19103F-16F7-4668-BE54-9A1E7A4F7556}") = "Structural Code", "InformaticsDesignPatternsGoF\Creational\Factory\Structural Code\Structural Code.csproj", "{7681F96A-03AD-4A06-B276-A651A576FE4E}"
EndProject
Project("{9A19103F-16F7-4668-BE54-9A1E7A4F7556}") = "Documents", "InformaticsDesignPatternsGoF\Creational\Factory\Documents\Documents.csproj", "{2F24E52F-D5FE-405C-B391-942B2553D4FD}"
EndProject
Project("{9A19103F-16F7-4668-BE54-9A1E7A4F7556}") = "CreditCards", "InformaticsDesignPatternsGoF\Creational\Factory\CreditCards\CreditCards.csproj", "{865A60E5-23C6-450F-9E33-CFBC479D078C}"
EndProject
Project("{9A19103F-16F7-4668-BE54-9A1E7A4F7556}") = "Air Conditioners", "InformaticsDesignPatternsGoF\Creational\Factory\Air Conditioners\Air Conditioners.csproj", "{4DFF37E9-38A4-4F40-A464-54041333B435}"
EndProject
Project("{2150E333-8FDC-42A3-9474-1A3956D46DE8}") = "Builder", "Builder", "{84623C40-4AF3-4E4B-9DDA-CC747328E19B}"
EndProject
Project("{9A19103F-16F7-4668-BE54-9A1E7A4F7556}") = "Structural Code", "InformaticsDesignPatternsGoF\Creational\Builder\Structural Code\Structural Code.csproj", "{A2963F1E-0EF9-447E-AA5F-C8D692C1C342}"
EndProject
Project("{9A19103F-16F7-4668-BE54-9A1E7A4F7556}") = "Vehicles", "InformaticsDesignPatternsGoF\Creational\Builder\Vehicles\Vehicles.csproj", "{378EBD73-3322-4205-ACD2-0D0751C00419}"
EndProject
Project("{9A19103F-16F7-4668-BE54-9A1E7A4F7556}") = "Laptops", "InformaticsDesignPatternsGoF\Creational\Builder\Laptops\Laptops.csproj", "{57585593-80CB-4980-9565-FC364038F2CD}"
EndProject
Project("{9A19103F-16F7-4668-BE54-9A1E7A4F7556}") = "Pizzas", "InformaticsDesignPatternsGoF\Creational\Builder\Pizzas\Pizzas.csproj", "{5F308654-208F-4E15-A857-C545F30EE1AA}"
EndProject
Project("{9A19103F-16F7-4668-BE54-9A1E7A4F7556}") = "Product Stock", "InformaticsDesignPatternsGoF\Creational\Builder\Product Stock\Product Stock.csproj", "{A530807E-EC36-4D16-A4FF-0B66F433D971}"
EndProject
Project("{2150E333-8FDC-42A3-9474-1A3956D46DE8}") = "Prototype", "Prototype", "{E5354CFB-A1AB-4096-93E4-CA22E1710B1C}"
EndProject
Project("{9A19103F-16F7-4668-BE54-9A1E7A4F7556}") = "Structural Code", "InformaticsDesignPatternsGoF\Creational\Prototype\Structural Code\Structural Code.csproj", "{CC84B7BC-AED7-48FC-A4D0-48E04FBAB9F6}"
EndProject
Project("{9A19103F-16F7-4668-BE54-9A1E7A4F7556}") = "Colors", "InformaticsDesignPatternsGoF\Creational\Prototype\Colors\Colors.csproj", "{3CDF86EE-294E-441D-A226-B036B289711C}"
EndProject
Project("{9A19103F-16F7-4668-BE54-9A1E7A4F7556}") = "People Identification", "InformaticsDesignPatternsGoF\Creational\Prototype\People Identification\People Identification.csproj", "{3A21FD2D-C249-44F9-9955-FE24B9FDDE5E}"
EndProject
Project("{9A19103F-16F7-4668-BE54-9A1E7A4F7556}") = "Employees", "InformaticsDesignPatternsGoF\Creational\Prototype\Employees\Employees.csproj", "{48CFA144-567C-4EAC-B5D3-0BBBB31B166C}"
EndProject
Project("{2150E333-8FDC-42A3-9474-1A3956D46DE8}") = "Singleton", "Singleton", "{55396295-9F6F-41B6-B575-B1768C19CB63}"
EndProject
Project("{9A19103F-16F7-4668-BE54-9A1E7A4F7556}") = "Structural Code", "InformaticsDesignPatternsGoF\Creational\Singleton\Structural Code\Structural Code.csproj", "{3083F031-14BD-48DD-8AFF-D79249BBA717}"
EndProject
Project("{9A19103F-16F7-4668-BE54-9A1E7A4F7556}") = "Load Balancer", "InformaticsDesignPatternsGoF\Creational\Singleton\Load Balancer\Load Balancer.csproj", "{C4A9FD1A-BD83-4F24-AA74-53C967360005}"
EndProject
Project("{9A19103F-16F7-4668-BE54-9A1E7A4F7556}") = "Load Balancer Optimized", "InformaticsDesignPatternsGoF\Creational\Singleton\Load Balancer Optimized\Load Balancer Optimized.csproj", "{AFE30F89-554B-42E0-910E-8B925DEB5EBD}"
EndProject
Project("{9A19103F-16F7-4668-BE54-9A1E7A4F7556}") = "Voting Machine", "InformaticsDesignPatternsGoF\Creational\Singleton\Voting Machine\Voting Machine.csproj", "{A98DD2BF-B05D-4C14-8436-1807C43D9AF9}"
EndProject
Project("{2150E333-8FDC-42A3-9474-1A3956D46DE8}") = "Adapter", "Adapter", "{AADF5917-85FA-480B-A009-8CB0659282C2}"
EndProject
Project("{FAE04EC0-301F-11D3-BF4B-00C04F79EFBC}") = "Structural Code", "InformaticsDesignPatternsGoF\Structural\Adapter\Structural Code\Structural Code.csproj", "{7A93FA6B-423A-4E74-BF2B-45E6C2365A3F}"
EndProject
Project("{FAE04EC0-301F-11D3-BF4B-00C04F79EFBC}") = "Chemical Databank", "InformaticsDesignPatternsGoF\Structural\Adapter\Chemical Databank\Chemical Databank.csproj", "{31A84D09-AAA4-428B-8FB0-017E72A75557}"
EndProject
Project("{FAE04EC0-301F-11D3-BF4B-00C04F79EFBC}") = "Third-Party Billing System", "InformaticsDesignPatternsGoF\Structural\Adapter\Third-Party Billing System\Third-Party Billing System.csproj", "{450FDABA-35B7-48D9-B033-D47DB2072369}"
EndProject
Project("{FAE04EC0-301F-11D3-BF4B-00C04F79EFBC}") = "Car Manufacturers", "InformaticsDesignPatternsGoF\Structural\Adapter\Car Manufacturers\Car Manufacturers.csproj", "{4D5142AA-7112-49BB-822F-64E3DF2A4D38}"
EndProject
Project("{FAE04EC0-301F-11D3-BF4B-00C04F79EFBC}") = "Meat Cooking", "InformaticsDesignPatternsGoF\Structural\Adapter\Meat Cooking\Meat Cooking.csproj", "{1353ECC1-FE6D-4B09-BF70-0B7DFF7BF522}"
EndProject
Project("{2150E333-8FDC-42A3-9474-1A3956D46DE8}") = "Structural", "Structural", "{D4170344-A1BA-4558-B76B-450CA191688D}"
EndProject
Project("{2150E333-8FDC-42A3-9474-1A3956D46DE8}") = "Bridge", "Bridge", "{29EC5C44-5A87-41DE-89CE-00475315CFAA}"
EndProject
Project("{FAE04EC0-301F-11D3-BF4B-00C04F79EFBC}") = "Sturctural Code", "InformaticsDesignPatternsGoF\Structural\Bridge\Sturctural Code\Sturctural Code.csproj", "{0B8C3AC6-4A8B-4FA7-979F-63CC7C942174}"
EndProject
Global
	GlobalSection(SolutionConfigurationPlatforms) = preSolution
		Debug|Any CPU = Debug|Any CPU
		Release|Any CPU = Release|Any CPU
	EndGlobalSection
	GlobalSection(ProjectConfigurationPlatforms) = postSolution
		{0A447AF0-7180-4969-ADFE-8A6752D3CA71}.Debug|Any CPU.ActiveCfg = Debug|Any CPU
		{0A447AF0-7180-4969-ADFE-8A6752D3CA71}.Debug|Any CPU.Build.0 = Debug|Any CPU
		{0A447AF0-7180-4969-ADFE-8A6752D3CA71}.Release|Any CPU.ActiveCfg = Release|Any CPU
		{0A447AF0-7180-4969-ADFE-8A6752D3CA71}.Release|Any CPU.Build.0 = Release|Any CPU
		{AB183964-E8DF-4E20-917F-260B6EA74311}.Debug|Any CPU.ActiveCfg = Debug|Any CPU
		{AB183964-E8DF-4E20-917F-260B6EA74311}.Debug|Any CPU.Build.0 = Debug|Any CPU
		{AB183964-E8DF-4E20-917F-260B6EA74311}.Release|Any CPU.ActiveCfg = Release|Any CPU
		{AB183964-E8DF-4E20-917F-260B6EA74311}.Release|Any CPU.Build.0 = Release|Any CPU
		{F29EFF45-E76E-49C5-8418-A394260D5FB6}.Debug|Any CPU.ActiveCfg = Debug|Any CPU
		{F29EFF45-E76E-49C5-8418-A394260D5FB6}.Debug|Any CPU.Build.0 = Debug|Any CPU
		{F29EFF45-E76E-49C5-8418-A394260D5FB6}.Release|Any CPU.ActiveCfg = Release|Any CPU
		{F29EFF45-E76E-49C5-8418-A394260D5FB6}.Release|Any CPU.Build.0 = Release|Any CPU
		{A46F0DF1-7960-4A95-8CA2-70A310E28D1A}.Debug|Any CPU.ActiveCfg = Debug|Any CPU
		{A46F0DF1-7960-4A95-8CA2-70A310E28D1A}.Debug|Any CPU.Build.0 = Debug|Any CPU
		{A46F0DF1-7960-4A95-8CA2-70A310E28D1A}.Release|Any CPU.ActiveCfg = Release|Any CPU
		{A46F0DF1-7960-4A95-8CA2-70A310E28D1A}.Release|Any CPU.Build.0 = Release|Any CPU
		{8A897270-3852-4224-9795-29E8D5CF91A7}.Debug|Any CPU.ActiveCfg = Debug|Any CPU
		{8A897270-3852-4224-9795-29E8D5CF91A7}.Debug|Any CPU.Build.0 = Debug|Any CPU
		{8A897270-3852-4224-9795-29E8D5CF91A7}.Release|Any CPU.ActiveCfg = Release|Any CPU
		{8A897270-3852-4224-9795-29E8D5CF91A7}.Release|Any CPU.Build.0 = Release|Any CPU
		{7681F96A-03AD-4A06-B276-A651A576FE4E}.Debug|Any CPU.ActiveCfg = Debug|Any CPU
		{7681F96A-03AD-4A06-B276-A651A576FE4E}.Debug|Any CPU.Build.0 = Debug|Any CPU
		{7681F96A-03AD-4A06-B276-A651A576FE4E}.Release|Any CPU.ActiveCfg = Release|Any CPU
		{7681F96A-03AD-4A06-B276-A651A576FE4E}.Release|Any CPU.Build.0 = Release|Any CPU
		{2F24E52F-D5FE-405C-B391-942B2553D4FD}.Debug|Any CPU.ActiveCfg = Debug|Any CPU
		{2F24E52F-D5FE-405C-B391-942B2553D4FD}.Debug|Any CPU.Build.0 = Debug|Any CPU
		{2F24E52F-D5FE-405C-B391-942B2553D4FD}.Release|Any CPU.ActiveCfg = Release|Any CPU
		{2F24E52F-D5FE-405C-B391-942B2553D4FD}.Release|Any CPU.Build.0 = Release|Any CPU
		{865A60E5-23C6-450F-9E33-CFBC479D078C}.Debug|Any CPU.ActiveCfg = Debug|Any CPU
		{865A60E5-23C6-450F-9E33-CFBC479D078C}.Debug|Any CPU.Build.0 = Debug|Any CPU
		{865A60E5-23C6-450F-9E33-CFBC479D078C}.Release|Any CPU.ActiveCfg = Release|Any CPU
		{865A60E5-23C6-450F-9E33-CFBC479D078C}.Release|Any CPU.Build.0 = Release|Any CPU
		{4DFF37E9-38A4-4F40-A464-54041333B435}.Debug|Any CPU.ActiveCfg = Debug|Any CPU
		{4DFF37E9-38A4-4F40-A464-54041333B435}.Debug|Any CPU.Build.0 = Debug|Any CPU
		{4DFF37E9-38A4-4F40-A464-54041333B435}.Release|Any CPU.ActiveCfg = Release|Any CPU
		{4DFF37E9-38A4-4F40-A464-54041333B435}.Release|Any CPU.Build.0 = Release|Any CPU
		{A2963F1E-0EF9-447E-AA5F-C8D692C1C342}.Debug|Any CPU.ActiveCfg = Debug|Any CPU
		{A2963F1E-0EF9-447E-AA5F-C8D692C1C342}.Debug|Any CPU.Build.0 = Debug|Any CPU
		{A2963F1E-0EF9-447E-AA5F-C8D692C1C342}.Release|Any CPU.ActiveCfg = Release|Any CPU
		{A2963F1E-0EF9-447E-AA5F-C8D692C1C342}.Release|Any CPU.Build.0 = Release|Any CPU
		{378EBD73-3322-4205-ACD2-0D0751C00419}.Debug|Any CPU.ActiveCfg = Debug|Any CPU
		{378EBD73-3322-4205-ACD2-0D0751C00419}.Debug|Any CPU.Build.0 = Debug|Any CPU
		{378EBD73-3322-4205-ACD2-0D0751C00419}.Release|Any CPU.ActiveCfg = Release|Any CPU
		{378EBD73-3322-4205-ACD2-0D0751C00419}.Release|Any CPU.Build.0 = Release|Any CPU
		{57585593-80CB-4980-9565-FC364038F2CD}.Debug|Any CPU.ActiveCfg = Debug|Any CPU
		{57585593-80CB-4980-9565-FC364038F2CD}.Debug|Any CPU.Build.0 = Debug|Any CPU
		{57585593-80CB-4980-9565-FC364038F2CD}.Release|Any CPU.ActiveCfg = Release|Any CPU
		{57585593-80CB-4980-9565-FC364038F2CD}.Release|Any CPU.Build.0 = Release|Any CPU
		{5F308654-208F-4E15-A857-C545F30EE1AA}.Debug|Any CPU.ActiveCfg = Debug|Any CPU
		{5F308654-208F-4E15-A857-C545F30EE1AA}.Debug|Any CPU.Build.0 = Debug|Any CPU
		{5F308654-208F-4E15-A857-C545F30EE1AA}.Release|Any CPU.ActiveCfg = Release|Any CPU
		{5F308654-208F-4E15-A857-C545F30EE1AA}.Release|Any CPU.Build.0 = Release|Any CPU
		{A530807E-EC36-4D16-A4FF-0B66F433D971}.Debug|Any CPU.ActiveCfg = Debug|Any CPU
		{A530807E-EC36-4D16-A4FF-0B66F433D971}.Debug|Any CPU.Build.0 = Debug|Any CPU
		{A530807E-EC36-4D16-A4FF-0B66F433D971}.Release|Any CPU.ActiveCfg = Release|Any CPU
		{A530807E-EC36-4D16-A4FF-0B66F433D971}.Release|Any CPU.Build.0 = Release|Any CPU
		{CC84B7BC-AED7-48FC-A4D0-48E04FBAB9F6}.Debug|Any CPU.ActiveCfg = Debug|Any CPU
		{CC84B7BC-AED7-48FC-A4D0-48E04FBAB9F6}.Debug|Any CPU.Build.0 = Debug|Any CPU
		{CC84B7BC-AED7-48FC-A4D0-48E04FBAB9F6}.Release|Any CPU.ActiveCfg = Release|Any CPU
		{CC84B7BC-AED7-48FC-A4D0-48E04FBAB9F6}.Release|Any CPU.Build.0 = Release|Any CPU
		{3CDF86EE-294E-441D-A226-B036B289711C}.Debug|Any CPU.ActiveCfg = Debug|Any CPU
		{3CDF86EE-294E-441D-A226-B036B289711C}.Debug|Any CPU.Build.0 = Debug|Any CPU
		{3CDF86EE-294E-441D-A226-B036B289711C}.Release|Any CPU.ActiveCfg = Release|Any CPU
		{3CDF86EE-294E-441D-A226-B036B289711C}.Release|Any CPU.Build.0 = Release|Any CPU
		{3A21FD2D-C249-44F9-9955-FE24B9FDDE5E}.Debug|Any CPU.ActiveCfg = Debug|Any CPU
		{3A21FD2D-C249-44F9-9955-FE24B9FDDE5E}.Debug|Any CPU.Build.0 = Debug|Any CPU
		{3A21FD2D-C249-44F9-9955-FE24B9FDDE5E}.Release|Any CPU.ActiveCfg = Release|Any CPU
		{3A21FD2D-C249-44F9-9955-FE24B9FDDE5E}.Release|Any CPU.Build.0 = Release|Any CPU
		{48CFA144-567C-4EAC-B5D3-0BBBB31B166C}.Debug|Any CPU.ActiveCfg = Debug|Any CPU
		{48CFA144-567C-4EAC-B5D3-0BBBB31B166C}.Debug|Any CPU.Build.0 = Debug|Any CPU
		{48CFA144-567C-4EAC-B5D3-0BBBB31B166C}.Release|Any CPU.ActiveCfg = Release|Any CPU
		{48CFA144-567C-4EAC-B5D3-0BBBB31B166C}.Release|Any CPU.Build.0 = Release|Any CPU
		{3083F031-14BD-48DD-8AFF-D79249BBA717}.Debug|Any CPU.ActiveCfg = Debug|Any CPU
		{3083F031-14BD-48DD-8AFF-D79249BBA717}.Debug|Any CPU.Build.0 = Debug|Any CPU
		{3083F031-14BD-48DD-8AFF-D79249BBA717}.Release|Any CPU.ActiveCfg = Release|Any CPU
		{3083F031-14BD-48DD-8AFF-D79249BBA717}.Release|Any CPU.Build.0 = Release|Any CPU
		{C4A9FD1A-BD83-4F24-AA74-53C967360005}.Debug|Any CPU.ActiveCfg = Debug|Any CPU
		{C4A9FD1A-BD83-4F24-AA74-53C967360005}.Debug|Any CPU.Build.0 = Debug|Any CPU
		{C4A9FD1A-BD83-4F24-AA74-53C967360005}.Release|Any CPU.ActiveCfg = Release|Any CPU
		{C4A9FD1A-BD83-4F24-AA74-53C967360005}.Release|Any CPU.Build.0 = Release|Any CPU
		{AFE30F89-554B-42E0-910E-8B925DEB5EBD}.Debug|Any CPU.ActiveCfg = Debug|Any CPU
		{AFE30F89-554B-42E0-910E-8B925DEB5EBD}.Debug|Any CPU.Build.0 = Debug|Any CPU
		{AFE30F89-554B-42E0-910E-8B925DEB5EBD}.Release|Any CPU.ActiveCfg = Release|Any CPU
		{AFE30F89-554B-42E0-910E-8B925DEB5EBD}.Release|Any CPU.Build.0 = Release|Any CPU
		{A98DD2BF-B05D-4C14-8436-1807C43D9AF9}.Debug|Any CPU.ActiveCfg = Debug|Any CPU
		{A98DD2BF-B05D-4C14-8436-1807C43D9AF9}.Debug|Any CPU.Build.0 = Debug|Any CPU
		{A98DD2BF-B05D-4C14-8436-1807C43D9AF9}.Release|Any CPU.ActiveCfg = Release|Any CPU
		{A98DD2BF-B05D-4C14-8436-1807C43D9AF9}.Release|Any CPU.Build.0 = Release|Any CPU
		{7A93FA6B-423A-4E74-BF2B-45E6C2365A3F}.Debug|Any CPU.ActiveCfg = Debug|Any CPU
		{7A93FA6B-423A-4E74-BF2B-45E6C2365A3F}.Debug|Any CPU.Build.0 = Debug|Any CPU
		{7A93FA6B-423A-4E74-BF2B-45E6C2365A3F}.Release|Any CPU.ActiveCfg = Release|Any CPU
		{7A93FA6B-423A-4E74-BF2B-45E6C2365A3F}.Release|Any CPU.Build.0 = Release|Any CPU
		{31A84D09-AAA4-428B-8FB0-017E72A75557}.Debug|Any CPU.ActiveCfg = Debug|Any CPU
		{31A84D09-AAA4-428B-8FB0-017E72A75557}.Debug|Any CPU.Build.0 = Debug|Any CPU
		{31A84D09-AAA4-428B-8FB0-017E72A75557}.Release|Any CPU.ActiveCfg = Release|Any CPU
		{31A84D09-AAA4-428B-8FB0-017E72A75557}.Release|Any CPU.Build.0 = Release|Any CPU
		{450FDABA-35B7-48D9-B033-D47DB2072369}.Debug|Any CPU.ActiveCfg = Debug|Any CPU
		{450FDABA-35B7-48D9-B033-D47DB2072369}.Debug|Any CPU.Build.0 = Debug|Any CPU
		{450FDABA-35B7-48D9-B033-D47DB2072369}.Release|Any CPU.ActiveCfg = Release|Any CPU
		{450FDABA-35B7-48D9-B033-D47DB2072369}.Release|Any CPU.Build.0 = Release|Any CPU
		{4D5142AA-7112-49BB-822F-64E3DF2A4D38}.Debug|Any CPU.ActiveCfg = Debug|Any CPU
		{4D5142AA-7112-49BB-822F-64E3DF2A4D38}.Debug|Any CPU.Build.0 = Debug|Any CPU
		{4D5142AA-7112-49BB-822F-64E3DF2A4D38}.Release|Any CPU.ActiveCfg = Release|Any CPU
		{4D5142AA-7112-49BB-822F-64E3DF2A4D38}.Release|Any CPU.Build.0 = Release|Any CPU
		{1353ECC1-FE6D-4B09-BF70-0B7DFF7BF522}.Debug|Any CPU.ActiveCfg = Debug|Any CPU
		{1353ECC1-FE6D-4B09-BF70-0B7DFF7BF522}.Debug|Any CPU.Build.0 = Debug|Any CPU
		{1353ECC1-FE6D-4B09-BF70-0B7DFF7BF522}.Release|Any CPU.ActiveCfg = Release|Any CPU
		{1353ECC1-FE6D-4B09-BF70-0B7DFF7BF522}.Release|Any CPU.Build.0 = Release|Any CPU
		{0B8C3AC6-4A8B-4FA7-979F-63CC7C942174}.Debug|Any CPU.ActiveCfg = Debug|Any CPU
		{0B8C3AC6-4A8B-4FA7-979F-63CC7C942174}.Debug|Any CPU.Build.0 = Debug|Any CPU
		{0B8C3AC6-4A8B-4FA7-979F-63CC7C942174}.Release|Any CPU.ActiveCfg = Release|Any CPU
		{0B8C3AC6-4A8B-4FA7-979F-63CC7C942174}.Release|Any CPU.Build.0 = Release|Any CPU
	EndGlobalSection
	GlobalSection(SolutionProperties) = preSolution
		HideSolutionNode = FALSE
	EndGlobalSection
	GlobalSection(NestedProjects) = preSolution
		{6F3933D9-9960-49E1-8FBE-207716099129} = {23450D02-1B92-41F9-A215-752D61C4160B}
		{0A447AF0-7180-4969-ADFE-8A6752D3CA71} = {6F3933D9-9960-49E1-8FBE-207716099129}
		{AB183964-E8DF-4E20-917F-260B6EA74311} = {6F3933D9-9960-49E1-8FBE-207716099129}
		{F29EFF45-E76E-49C5-8418-A394260D5FB6} = {6F3933D9-9960-49E1-8FBE-207716099129}
		{A46F0DF1-7960-4A95-8CA2-70A310E28D1A} = {6F3933D9-9960-49E1-8FBE-207716099129}
		{8A897270-3852-4224-9795-29E8D5CF91A7} = {6F3933D9-9960-49E1-8FBE-207716099129}
		{1B09E287-ACD2-47CA-AD52-79A9CC379DDA} = {23450D02-1B92-41F9-A215-752D61C4160B}
		{7681F96A-03AD-4A06-B276-A651A576FE4E} = {1B09E287-ACD2-47CA-AD52-79A9CC379DDA}
		{2F24E52F-D5FE-405C-B391-942B2553D4FD} = {1B09E287-ACD2-47CA-AD52-79A9CC379DDA}
		{865A60E5-23C6-450F-9E33-CFBC479D078C} = {1B09E287-ACD2-47CA-AD52-79A9CC379DDA}
		{4DFF37E9-38A4-4F40-A464-54041333B435} = {1B09E287-ACD2-47CA-AD52-79A9CC379DDA}
		{84623C40-4AF3-4E4B-9DDA-CC747328E19B} = {23450D02-1B92-41F9-A215-752D61C4160B}
		{A2963F1E-0EF9-447E-AA5F-C8D692C1C342} = {84623C40-4AF3-4E4B-9DDA-CC747328E19B}
		{378EBD73-3322-4205-ACD2-0D0751C00419} = {84623C40-4AF3-4E4B-9DDA-CC747328E19B}
		{57585593-80CB-4980-9565-FC364038F2CD} = {84623C40-4AF3-4E4B-9DDA-CC747328E19B}
		{5F308654-208F-4E15-A857-C545F30EE1AA} = {84623C40-4AF3-4E4B-9DDA-CC747328E19B}
		{A530807E-EC36-4D16-A4FF-0B66F433D971} = {84623C40-4AF3-4E4B-9DDA-CC747328E19B}
		{E5354CFB-A1AB-4096-93E4-CA22E1710B1C} = {23450D02-1B92-41F9-A215-752D61C4160B}
		{CC84B7BC-AED7-48FC-A4D0-48E04FBAB9F6} = {E5354CFB-A1AB-4096-93E4-CA22E1710B1C}
		{3CDF86EE-294E-441D-A226-B036B289711C} = {E5354CFB-A1AB-4096-93E4-CA22E1710B1C}
		{3A21FD2D-C249-44F9-9955-FE24B9FDDE5E} = {E5354CFB-A1AB-4096-93E4-CA22E1710B1C}
		{48CFA144-567C-4EAC-B5D3-0BBBB31B166C} = {E5354CFB-A1AB-4096-93E4-CA22E1710B1C}
		{55396295-9F6F-41B6-B575-B1768C19CB63} = {23450D02-1B92-41F9-A215-752D61C4160B}
		{3083F031-14BD-48DD-8AFF-D79249BBA717} = {55396295-9F6F-41B6-B575-B1768C19CB63}
		{C4A9FD1A-BD83-4F24-AA74-53C967360005} = {55396295-9F6F-41B6-B575-B1768C19CB63}
		{AFE30F89-554B-42E0-910E-8B925DEB5EBD} = {55396295-9F6F-41B6-B575-B1768C19CB63}
		{A98DD2BF-B05D-4C14-8436-1807C43D9AF9} = {55396295-9F6F-41B6-B575-B1768C19CB63}
		{AADF5917-85FA-480B-A009-8CB0659282C2} = {D4170344-A1BA-4558-B76B-450CA191688D}
		{7A93FA6B-423A-4E74-BF2B-45E6C2365A3F} = {AADF5917-85FA-480B-A009-8CB0659282C2}
		{31A84D09-AAA4-428B-8FB0-017E72A75557} = {AADF5917-85FA-480B-A009-8CB0659282C2}
		{450FDABA-35B7-48D9-B033-D47DB2072369} = {AADF5917-85FA-480B-A009-8CB0659282C2}
		{4D5142AA-7112-49BB-822F-64E3DF2A4D38} = {AADF5917-85FA-480B-A009-8CB0659282C2}
		{1353ECC1-FE6D-4B09-BF70-0B7DFF7BF522} = {AADF5917-85FA-480B-A009-8CB0659282C2}
		{29EC5C44-5A87-41DE-89CE-00475315CFAA} = {D4170344-A1BA-4558-B76B-450CA191688D}
		{0B8C3AC6-4A8B-4FA7-979F-63CC7C942174} = {29EC5C44-5A87-41DE-89CE-00475315CFAA}
	EndGlobalSection
	GlobalSection(ExtensibilityGlobals) = postSolution
		SolutionGuid = {7382A303-065F-4661-AE7A-A284BFAA876A}
	EndGlobalSection
EndGlobal
