
Microsoft Visual Studio Solution File, Format Version 12.00
# Visual Studio Version 17
VisualStudioVersion = 17.3.32929.385
MinimumVisualStudioVersion = 10.0.40219.1
Project("{2150E333-8FDC-42A3-9474-1A3956D46DE8}") = "Creational", "Creational", "{23450D02-1B92-41F9-A215-752D61C4160B}"
EndProject
Project("{2150E333-8FDC-42A3-9474-1A3956D46DE8}") = "Abstract Factory", "Abstract Factory", "{6F3933D9-9960-49E1-8FBE-207716099129}"
EndProject
Project("{9A19103F-16F7-4668-BE54-9A1E7A4F7556}") = "Structural Code", "InformaticsDesignPatternsGoF\Creational\Abstract Factory\Structural Code\Structural Code.csproj", "{0A447AF0-7180-4969-ADFE-8A6752D3CA71}"
EndProject
Project("{9A19103F-16F7-4668-BE54-9A1E7A4F7556}") = "Animal World", "InformaticsDesignPatternsGoF\Creational\Abstract Factory\Animal World\Animal World.csproj", "{AB183964-E8DF-4E20-917F-260B6EA74311}"
EndProject
Project("{9A19103F-16F7-4668-BE54-9A1E7A4F7556}") = "Furniture", "InformaticsDesignPatternsGoF\Creational\Abstract Factory\Furniture\Furniture.csproj", "{F29EFF45-E76E-49C5-8418-A394260D5FB6}"
EndProject
Project("{9A19103F-16F7-4668-BE54-9A1E7A4F7556}") = "Recipes", "InformaticsDesignPatternsGoF\Creational\Abstract Factory\Recipes\Recipes.csproj", "{A46F0DF1-7960-4A95-8CA2-70A310E28D1A}"
EndProject
Project("{9A19103F-16F7-4668-BE54-9A1E7A4F7556}") = "EraStyles", "InformaticsDesignPatternsGoF\Creational\Abstract Factory\EraStyles\EraStyles.csproj", "{8A897270-3852-4224-9795-29E8D5CF91A7}"
EndProject
Project("{2150E333-8FDC-42A3-9474-1A3956D46DE8}") = "Factory", "Factory", "{1B09E287-ACD2-47CA-AD52-79A9CC379DDA}"
EndProject
Project("{9A19103F-16F7-4668-BE54-9A1E7A4F7556}") = "Structural Code", "InformaticsDesignPatternsGoF\Creational\Factory\Structural Code\Structural Code.csproj", "{7681F96A-03AD-4A06-B276-A651A576FE4E}"
EndProject
Project("{9A19103F-16F7-4668-BE54-9A1E7A4F7556}") = "Documents", "InformaticsDesignPatternsGoF\Creational\Factory\Documents\Documents.csproj", "{2F24E52F-D5FE-405C-B391-942B2553D4FD}"
EndProject
Project("{9A19103F-16F7-4668-BE54-9A1E7A4F7556}") = "CreditCards", "InformaticsDesignPatternsGoF\Creational\Factory\CreditCards\CreditCards.csproj", "{865A60E5-23C6-450F-9E33-CFBC479D078C}"
EndProject
Project("{9A19103F-16F7-4668-BE54-9A1E7A4F7556}") = "Air Conditioners", "InformaticsDesignPatternsGoF\Creational\Factory\Air Conditioners\Air Conditioners.csproj", "{4DFF37E9-38A4-4F40-A464-54041333B435}"
EndProject
Project("{2150E333-8FDC-42A3-9474-1A3956D46DE8}") = "Builder", "Builder", "{84623C40-4AF3-4E4B-9DDA-CC747328E19B}"
EndProject
Project("{FAE04EC0-301F-11D3-BF4B-00C04F79EFBC}") = "Structural Code", "InformaticsDesignPatternsGoF\Creational\Builder\Structural Code\Structural Code.csproj", "{A2963F1E-0EF9-447E-AA5F-C8D692C1C342}"
EndProject
Project("{FAE04EC0-301F-11D3-BF4B-00C04F79EFBC}") = "Vehicles", "InformaticsDesignPatternsGoF\Creational\Builder\Vehicles\Vehicles.csproj", "{378EBD73-3322-4205-ACD2-0D0751C00419}"
EndProject
Project("{FAE04EC0-301F-11D3-BF4B-00C04F79EFBC}") = "Laptops", "InformaticsDesignPatternsGoF\Creational\Builder\Laptops\Laptops.csproj", "{57585593-80CB-4980-9565-FC364038F2CD}"
EndProject
Project("{FAE04EC0-301F-11D3-BF4B-00C04F79EFBC}") = "Pizzas", "InformaticsDesignPatternsGoF\Creational\Builder\Pizzas\Pizzas.csproj", "{5F308654-208F-4E15-A857-C545F30EE1AA}"
EndProject
Global
	GlobalSection(SolutionConfigurationPlatforms) = preSolution
		Debug|Any CPU = Debug|Any CPU
		Release|Any CPU = Release|Any CPU
	EndGlobalSection
	GlobalSection(ProjectConfigurationPlatforms) = postSolution
		{0A447AF0-7180-4969-ADFE-8A6752D3CA71}.Debug|Any CPU.ActiveCfg = Debug|Any CPU
		{0A447AF0-7180-4969-ADFE-8A6752D3CA71}.Debug|Any CPU.Build.0 = Debug|Any CPU
		{0A447AF0-7180-4969-ADFE-8A6752D3CA71}.Release|Any CPU.ActiveCfg = Release|Any CPU
		{0A447AF0-7180-4969-ADFE-8A6752D3CA71}.Release|Any CPU.Build.0 = Release|Any CPU
		{AB183964-E8DF-4E20-917F-260B6EA74311}.Debug|Any CPU.ActiveCfg = Debug|Any CPU
		{AB183964-E8DF-4E20-917F-260B6EA74311}.Debug|Any CPU.Build.0 = Debug|Any CPU
		{AB183964-E8DF-4E20-917F-260B6EA74311}.Release|Any CPU.ActiveCfg = Release|Any CPU
		{AB183964-E8DF-4E20-917F-260B6EA74311}.Release|Any CPU.Build.0 = Release|Any CPU
		{F29EFF45-E76E-49C5-8418-A394260D5FB6}.Debug|Any CPU.ActiveCfg = Debug|Any CPU
		{F29EFF45-E76E-49C5-8418-A394260D5FB6}.Debug|Any CPU.Build.0 = Debug|Any CPU
		{F29EFF45-E76E-49C5-8418-A394260D5FB6}.Release|Any CPU.ActiveCfg = Release|Any CPU
		{F29EFF45-E76E-49C5-8418-A394260D5FB6}.Release|Any CPU.Build.0 = Release|Any CPU
		{A46F0DF1-7960-4A95-8CA2-70A310E28D1A}.Debug|Any CPU.ActiveCfg = Debug|Any CPU
		{A46F0DF1-7960-4A95-8CA2-70A310E28D1A}.Debug|Any CPU.Build.0 = Debug|Any CPU
		{A46F0DF1-7960-4A95-8CA2-70A310E28D1A}.Release|Any CPU.ActiveCfg = Release|Any CPU
		{A46F0DF1-7960-4A95-8CA2-70A310E28D1A}.Release|Any CPU.Build.0 = Release|Any CPU
		{8A897270-3852-4224-9795-29E8D5CF91A7}.Debug|Any CPU.ActiveCfg = Debug|Any CPU
		{8A897270-3852-4224-9795-29E8D5CF91A7}.Debug|Any CPU.Build.0 = Debug|Any CPU
		{8A897270-3852-4224-9795-29E8D5CF91A7}.Release|Any CPU.ActiveCfg = Release|Any CPU
		{8A897270-3852-4224-9795-29E8D5CF91A7}.Release|Any CPU.Build.0 = Release|Any CPU
		{7681F96A-03AD-4A06-B276-A651A576FE4E}.Debug|Any CPU.ActiveCfg = Debug|Any CPU
		{7681F96A-03AD-4A06-B276-A651A576FE4E}.Debug|Any CPU.Build.0 = Debug|Any CPU
		{7681F96A-03AD-4A06-B276-A651A576FE4E}.Release|Any CPU.ActiveCfg = Release|Any CPU
		{7681F96A-03AD-4A06-B276-A651A576FE4E}.Release|Any CPU.Build.0 = Release|Any CPU
		{2F24E52F-D5FE-405C-B391-942B2553D4FD}.Debug|Any CPU.ActiveCfg = Debug|Any CPU
		{2F24E52F-D5FE-405C-B391-942B2553D4FD}.Debug|Any CPU.Build.0 = Debug|Any CPU
		{2F24E52F-D5FE-405C-B391-942B2553D4FD}.Release|Any CPU.ActiveCfg = Release|Any CPU
		{2F24E52F-D5FE-405C-B391-942B2553D4FD}.Release|Any CPU.Build.0 = Release|Any CPU
		{865A60E5-23C6-450F-9E33-CFBC479D078C}.Debug|Any CPU.ActiveCfg = Debug|Any CPU
		{865A60E5-23C6-450F-9E33-CFBC479D078C}.Debug|Any CPU.Build.0 = Debug|Any CPU
		{865A60E5-23C6-450F-9E33-CFBC479D078C}.Release|Any CPU.ActiveCfg = Release|Any CPU
		{865A60E5-23C6-450F-9E33-CFBC479D078C}.Release|Any CPU.Build.0 = Release|Any CPU
		{4DFF37E9-38A4-4F40-A464-54041333B435}.Debug|Any CPU.ActiveCfg = Debug|Any CPU
		{4DFF37E9-38A4-4F40-A464-54041333B435}.Debug|Any CPU.Build.0 = Debug|Any CPU
		{4DFF37E9-38A4-4F40-A464-54041333B435}.Release|Any CPU.ActiveCfg = Release|Any CPU
		{4DFF37E9-38A4-4F40-A464-54041333B435}.Release|Any CPU.Build.0 = Release|Any CPU
		{A2963F1E-0EF9-447E-AA5F-C8D692C1C342}.Debug|Any CPU.ActiveCfg = Debug|Any CPU
		{A2963F1E-0EF9-447E-AA5F-C8D692C1C342}.Debug|Any CPU.Build.0 = Debug|Any CPU
		{A2963F1E-0EF9-447E-AA5F-C8D692C1C342}.Release|Any CPU.ActiveCfg = Release|Any CPU
		{A2963F1E-0EF9-447E-AA5F-C8D692C1C342}.Release|Any CPU.Build.0 = Release|Any CPU
		{378EBD73-3322-4205-ACD2-0D0751C00419}.Debug|Any CPU.ActiveCfg = Debug|Any CPU
		{378EBD73-3322-4205-ACD2-0D0751C00419}.Debug|Any CPU.Build.0 = Debug|Any CPU
		{378EBD73-3322-4205-ACD2-0D0751C00419}.Release|Any CPU.ActiveCfg = Release|Any CPU
		{378EBD73-3322-4205-ACD2-0D0751C00419}.Release|Any CPU.Build.0 = Release|Any CPU
		{57585593-80CB-4980-9565-FC364038F2CD}.Debug|Any CPU.ActiveCfg = Debug|Any CPU
		{57585593-80CB-4980-9565-FC364038F2CD}.Debug|Any CPU.Build.0 = Debug|Any CPU
		{57585593-80CB-4980-9565-FC364038F2CD}.Release|Any CPU.ActiveCfg = Release|Any CPU
		{57585593-80CB-4980-9565-FC364038F2CD}.Release|Any CPU.Build.0 = Release|Any CPU
		{5F308654-208F-4E15-A857-C545F30EE1AA}.Debug|Any CPU.ActiveCfg = Debug|Any CPU
		{5F308654-208F-4E15-A857-C545F30EE1AA}.Debug|Any CPU.Build.0 = Debug|Any CPU
		{5F308654-208F-4E15-A857-C545F30EE1AA}.Release|Any CPU.ActiveCfg = Release|Any CPU
		{5F308654-208F-4E15-A857-C545F30EE1AA}.Release|Any CPU.Build.0 = Release|Any CPU
	EndGlobalSection
	GlobalSection(SolutionProperties) = preSolution
		HideSolutionNode = FALSE
	EndGlobalSection
	GlobalSection(NestedProjects) = preSolution
		{6F3933D9-9960-49E1-8FBE-207716099129} = {23450D02-1B92-41F9-A215-752D61C4160B}
		{0A447AF0-7180-4969-ADFE-8A6752D3CA71} = {6F3933D9-9960-49E1-8FBE-207716099129}
		{AB183964-E8DF-4E20-917F-260B6EA74311} = {6F3933D9-9960-49E1-8FBE-207716099129}
		{F29EFF45-E76E-49C5-8418-A394260D5FB6} = {6F3933D9-9960-49E1-8FBE-207716099129}
		{A46F0DF1-7960-4A95-8CA2-70A310E28D1A} = {6F3933D9-9960-49E1-8FBE-207716099129}
		{8A897270-3852-4224-9795-29E8D5CF91A7} = {6F3933D9-9960-49E1-8FBE-207716099129}
		{1B09E287-ACD2-47CA-AD52-79A9CC379DDA} = {23450D02-1B92-41F9-A215-752D61C4160B}
		{7681F96A-03AD-4A06-B276-A651A576FE4E} = {1B09E287-ACD2-47CA-AD52-79A9CC379DDA}
		{2F24E52F-D5FE-405C-B391-942B2553D4FD} = {1B09E287-ACD2-47CA-AD52-79A9CC379DDA}
		{865A60E5-23C6-450F-9E33-CFBC479D078C} = {1B09E287-ACD2-47CA-AD52-79A9CC379DDA}
		{4DFF37E9-38A4-4F40-A464-54041333B435} = {1B09E287-ACD2-47CA-AD52-79A9CC379DDA}
		{84623C40-4AF3-4E4B-9DDA-CC747328E19B} = {23450D02-1B92-41F9-A215-752D61C4160B}
		{A2963F1E-0EF9-447E-AA5F-C8D692C1C342} = {84623C40-4AF3-4E4B-9DDA-CC747328E19B}
		{378EBD73-3322-4205-ACD2-0D0751C00419} = {84623C40-4AF3-4E4B-9DDA-CC747328E19B}
		{57585593-80CB-4980-9565-FC364038F2CD} = {84623C40-4AF3-4E4B-9DDA-CC747328E19B}
		{5F308654-208F-4E15-A857-C545F30EE1AA} = {84623C40-4AF3-4E4B-9DDA-CC747328E19B}
	EndGlobalSection
	GlobalSection(ExtensibilityGlobals) = postSolution
		SolutionGuid = {7382A303-065F-4661-AE7A-A284BFAA876A}
	EndGlobalSection
EndGlobal
